
Microsoft Visual Studio Solution File, Format Version 12.00
# Visual Studio Version 17
VisualStudioVersion = 17.13.36105.23 d17.13
MinimumVisualStudioVersion = 10.0.40219.1
Project("{8BC9CEB8-8B4A-11D0-8D11-00A0C91BC942}") = "xll_tws", "xll_tws.vcxproj", "{F14CECC0-E319-4EF7-852C-DC537F65703C}"
EndProject
Global
	GlobalSection(SolutionConfigurationPlatforms) = preSolution
		Debug|x64 = Debug|x64
		Debug|x86 = Debug|x86
		Release|x64 = Release|x64
		Release|x86 = Release|x86
	EndGlobalSection
	GlobalSection(ProjectConfigurationPlatforms) = postSolution
		{F14CECC0-E319-4EF7-852C-DC537F65703C}.Debug|x64.ActiveCfg = Debug|x64
		{F14CECC0-E319-4EF7-852C-DC537F65703C}.Debug|x64.Build.0 = Debug|x64
		{F14CECC0-E319-4EF7-852C-DC537F65703C}.Debug|x86.ActiveCfg = Debug|Win32
		{F14CECC0-E319-4EF7-852C-DC537F65703C}.Debug|x86.Build.0 = Debug|Win32
		{F14CECC0-E319-4EF7-852C-DC537F65703C}.Release|x64.ActiveCfg = Release|x64
		{F14CECC0-E319-4EF7-852C-DC537F65703C}.Release|x64.Build.0 = Release|x64
		{F14CECC0-E319-4EF7-852C-DC537F65703C}.Release|x86.ActiveCfg = Release|Win32
		{F14CECC0-E319-4EF7-852C-DC537F65703C}.Release|x86.Build.0 = Release|Win32
	EndGlobalSection
	GlobalSection(SolutionProperties) = preSolution
		HideSolutionNode = FALSE
	EndGlobalSection
	GlobalSection(ExtensibilityGlobals) = postSolution
		SolutionGuid = {7FF8CE8A-DF35-41A2-9E17-6CD19B64024E}
	EndGlobalSection
EndGlobal
