
Microsoft Visual Studio Solution File, Format Version 12.00
# Visual Studio Version 17
VisualStudioVersion = 17.13.36105.23
MinimumVisualStudioVersion = 10.0.40219.1
Project("{8BC9CEB8-8B4A-11D0-8D11-00A0C91BC942}") = "xll_tws", "xll_tws.vcxproj", "{F14CECC0-E319-4EF7-852C-DC537F65703C}"
EndProject
Project("{8BC9CEB8-8B4A-11D0-8D11-00A0C91BC942}") = "xll", "xll24\xll.vcxproj", "{7D7375AF-E7E3-42D3-A00F-D8EE22C39924}"
EndProject
Project("{8BC9CEB8-8B4A-11D0-8D11-00A0C91BC942}") = "libbid", "libbid\libbid.vcxproj", "{445E4598-55CC-479E-AA3C-552EF136B0F1}"
EndProject
Project("{8BC9CEB8-8B4A-11D0-8D11-00A0C91BC942}") = "tws_api", "tws_api\tws_api\tws_api.vcxproj", "{C9076D2D-0F70-4BD9-8C00-F8C3E6EE3626}"
EndProject
Global
	GlobalSection(SolutionConfigurationPlatforms) = preSolution
		Debug|x64 = Debug|x64
		Debug|x86 = Debug|x86
		Release|x64 = Release|x64
		Release|x86 = Release|x86
	EndGlobalSection
	GlobalSection(ProjectConfigurationPlatforms) = postSolution
		{F14CECC0-E319-4EF7-852C-DC537F65703C}.Debug|x64.ActiveCfg = Debug|x64
		{F14CECC0-E319-4EF7-852C-DC537F65703C}.Debug|x64.Build.0 = Debug|x64
		{F14CECC0-E319-4EF7-852C-DC537F65703C}.Debug|x86.ActiveCfg = Debug|Win32
		{F14CECC0-E319-4EF7-852C-DC537F65703C}.Debug|x86.Build.0 = Debug|Win32
		{F14CECC0-E319-4EF7-852C-DC537F65703C}.Release|x64.ActiveCfg = Release|x64
		{F14CECC0-E319-4EF7-852C-DC537F65703C}.Release|x64.Build.0 = Release|x64
		{F14CECC0-E319-4EF7-852C-DC537F65703C}.Release|x86.ActiveCfg = Release|Win32
		{F14CECC0-E319-4EF7-852C-DC537F65703C}.Release|x86.Build.0 = Release|Win32
		{7D7375AF-E7E3-42D3-A00F-D8EE22C39924}.Debug|x64.ActiveCfg = Debug|x64
		{7D7375AF-E7E3-42D3-A00F-D8EE22C39924}.Debug|x64.Build.0 = Debug|x64
		{7D7375AF-E7E3-42D3-A00F-D8EE22C39924}.Debug|x86.ActiveCfg = Debug|x64
		{7D7375AF-E7E3-42D3-A00F-D8EE22C39924}.Debug|x86.Build.0 = Debug|x64
		{7D7375AF-E7E3-42D3-A00F-D8EE22C39924}.Release|x64.ActiveCfg = Release|x64
		{7D7375AF-E7E3-42D3-A00F-D8EE22C39924}.Release|x64.Build.0 = Release|x64
		{7D7375AF-E7E3-42D3-A00F-D8EE22C39924}.Release|x86.ActiveCfg = Release|x64
		{7D7375AF-E7E3-42D3-A00F-D8EE22C39924}.Release|x86.Build.0 = Release|x64
		{445E4598-55CC-479E-AA3C-552EF136B0F1}.Debug|x64.ActiveCfg = Debug|x64
		{445E4598-55CC-479E-AA3C-552EF136B0F1}.Debug|x64.Build.0 = Debug|x64
		{445E4598-55CC-479E-AA3C-552EF136B0F1}.Debug|x86.ActiveCfg = Debug|Win32
		{445E4598-55CC-479E-AA3C-552EF136B0F1}.Debug|x86.Build.0 = Debug|Win32
		{445E4598-55CC-479E-AA3C-552EF136B0F1}.Release|x64.ActiveCfg = Release|x64
		{445E4598-55CC-479E-AA3C-552EF136B0F1}.Release|x64.Build.0 = Release|x64
		{445E4598-55CC-479E-AA3C-552EF136B0F1}.Release|x86.ActiveCfg = Release|Win32
		{445E4598-55CC-479E-AA3C-552EF136B0F1}.Release|x86.Build.0 = Release|Win32
		{C9076D2D-0F70-4BD9-8C00-F8C3E6EE3626}.Debug|x64.ActiveCfg = Debug|x64
		{C9076D2D-0F70-4BD9-8C00-F8C3E6EE3626}.Debug|x64.Build.0 = Debug|x64
		{C9076D2D-0F70-4BD9-8C00-F8C3E6EE3626}.Debug|x86.ActiveCfg = Debug|Win32
		{C9076D2D-0F70-4BD9-8C00-F8C3E6EE3626}.Debug|x86.Build.0 = Debug|Win32
		{C9076D2D-0F70-4BD9-8C00-F8C3E6EE3626}.Release|x64.ActiveCfg = Release|x64
		{C9076D2D-0F70-4BD9-8C00-F8C3E6EE3626}.Release|x64.Build.0 = Release|x64
		{C9076D2D-0F70-4BD9-8C00-F8C3E6EE3626}.Release|x86.ActiveCfg = Release|Win32
		{C9076D2D-0F70-4BD9-8C00-F8C3E6EE3626}.Release|x86.Build.0 = Release|Win32
	EndGlobalSection
	GlobalSection(SolutionProperties) = preSolution
		HideSolutionNode = FALSE
	EndGlobalSection
	GlobalSection(ExtensibilityGlobals) = postSolution
		SolutionGuid = {7FF8CE8A-DF35-41A2-9E17-6CD19B64024E}
	EndGlobalSection
EndGlobal
